{
  "version": 4,
  "terraform_version": "1.3.7",
  "serial": 581,
  "lineage": "b54a9b8a-ffc0-e29e-223d-6757b2bc0cae",
  "outputs": {},
  "resources": [
    {
      "mode": "data",
      "type": "azurerm_resource_group",
      "name": "assessment",
      "provider": "provider[\"registry.terraform.io/hashicorp/azurerm\"]",
      "instances": [
        {
          "schema_version": 0,
          "attributes": {
            "id": "/subscriptions/695dbe0c-d23f-444d-8dcc-ebeea8f1aabe/resourceGroups/betrandndah-azr-883b",
            "location": "eastus",
            "name": "betrandndah-azr-883b",
            "tags": {},
            "timeouts": null
          },
          "sensitive_attributes": []
        }
      ]
    },
    {
      "mode": "managed",
      "type": "azurerm_lb",
      "name": "vmsslb",
      "provider": "provider[\"registry.terraform.io/hashicorp/azurerm\"]",
      "instances": [
        {
          "index_key": 0,
          "schema_version": 0,
          "attributes": {
            "edge_zone": "",
            "frontend_ip_configuration": [
              {
                "gateway_load_balancer_frontend_ip_configuration_id": "",
                "id": "/subscriptions/695dbe0c-d23f-444d-8dcc-ebeea8f1aabe/resourceGroups/betrandndah-azr-883b/providers/Microsoft.Network/loadBalancers/lbext-vmss-eastus/frontendIPConfigurations/lbext-frontend-vmss",
                "inbound_nat_rules": [],
                "load_balancer_rules": [
                  "/subscriptions/695dbe0c-d23f-444d-8dcc-ebeea8f1aabe/resourceGroups/betrandndah-azr-883b/providers/Microsoft.Network/loadBalancers/lbext-vmss-eastus/loadBalancingRules/vmss-01-rule",
                  "/subscriptions/695dbe0c-d23f-444d-8dcc-ebeea8f1aabe/resourceGroups/betrandndah-azr-883b/providers/Microsoft.Network/loadBalancers/lbext-vmss-eastus/loadBalancingRules/vmss-02-rule"
                ],
                "name": "lbext-frontend-vmss",
                "outbound_rules": [],
                "private_ip_address": "",
                "private_ip_address_allocation": "Dynamic",
                "private_ip_address_version": "",
                "public_ip_address_id": "/subscriptions/695dbe0c-d23f-444d-8dcc-ebeea8f1aabe/resourceGroups/betrandndah-azr-883b/providers/Microsoft.Network/publicIPAddresses/pip-vm-vmss-eastus-01",
                "public_ip_prefix_id": "",
                "subnet_id": "",
                "zones": []
              }
            ],
            "id": "/subscriptions/695dbe0c-d23f-444d-8dcc-ebeea8f1aabe/resourceGroups/betrandndah-azr-883b/providers/Microsoft.Network/loadBalancers/lbext-vmss-eastus",
            "location": "eastus",
            "name": "lbext-vmss-eastus",
            "private_ip_address": "",
            "private_ip_addresses": [],
            "resource_group_name": "betrandndah-azr-883b",
            "sku": "Standard",
            "sku_tier": "Regional",
            "tags": {},
            "timeouts": null
          },
          "sensitive_attributes": [],
          "private": "eyJlMmJmYjczMC1lY2FhLTExZTYtOGY4OC0zNDM2M2JjN2M0YzAiOnsiY3JlYXRlIjoxODAwMDAwMDAwMDAwLCJkZWxldGUiOjE4MDAwMDAwMDAwMDAsInJlYWQiOjMwMDAwMDAwMDAwMCwidXBkYXRlIjoxODAwMDAwMDAwMDAwfX0=",
          "dependencies": [
            "azurerm_public_ip.pip",
            "azurerm_subnet.snet",
            "azurerm_virtual_network.test",
            "data.azurerm_resource_group.assessment"
          ]
        }
      ]
    },
    {
      "mode": "managed",
      "type": "azurerm_lb_backend_address_pool",
      "name": "bepool",
      "provider": "provider[\"registry.terraform.io/hashicorp/azurerm\"]",
      "instances": [
        {
          "index_key": 0,
          "schema_version": 0,
          "attributes": {
            "backend_ip_configurations": [
              "/subscriptions/695dbe0c-d23f-444d-8dcc-ebeea8f1aabe/resourceGroups/betrandndah-azr-883b/providers/Microsoft.Compute/virtualMachineScaleSets/vmvmss1/virtualMachines/0/networkInterfaces/nic-vmvmss1/ipConfigurations/ipconig-vmvmss1",
              "/subscriptions/695dbe0c-d23f-444d-8dcc-ebeea8f1aabe/resourceGroups/betrandndah-azr-883b/providers/Microsoft.Compute/virtualMachineScaleSets/vmvmss1/virtualMachines/1/networkInterfaces/nic-vmvmss1/ipConfigurations/ipconig-vmvmss1"
            ],
            "id": "/subscriptions/695dbe0c-d23f-444d-8dcc-ebeea8f1aabe/resourceGroups/betrandndah-azr-883b/providers/Microsoft.Network/loadBalancers/lbext-vmss-eastus/backendAddressPools/lbe-backend-pool-vmss",
            "inbound_nat_rules": [],
            "load_balancing_rules": [
              "/subscriptions/695dbe0c-d23f-444d-8dcc-ebeea8f1aabe/resourceGroups/betrandndah-azr-883b/providers/Microsoft.Network/loadBalancers/lbext-vmss-eastus/loadBalancingRules/vmss-01-rule",
              "/subscriptions/695dbe0c-d23f-444d-8dcc-ebeea8f1aabe/resourceGroups/betrandndah-azr-883b/providers/Microsoft.Network/loadBalancers/lbext-vmss-eastus/loadBalancingRules/vmss-02-rule"
            ],
            "loadbalancer_id": "/subscriptions/695dbe0c-d23f-444d-8dcc-ebeea8f1aabe/resourceGroups/betrandndah-azr-883b/providers/Microsoft.Network/loadBalancers/lbext-vmss-eastus",
            "name": "lbe-backend-pool-vmss",
            "outbound_rules": [],
            "timeouts": null,
            "tunnel_interface": []
          },
          "sensitive_attributes": [],
          "private": "eyJlMmJmYjczMC1lY2FhLTExZTYtOGY4OC0zNDM2M2JjN2M0YzAiOnsiY3JlYXRlIjoxODAwMDAwMDAwMDAwLCJkZWxldGUiOjE4MDAwMDAwMDAwMDAsInJlYWQiOjMwMDAwMDAwMDAwMCwidXBkYXRlIjoxODAwMDAwMDAwMDAwfX0=",
          "dependencies": [
            "azurerm_lb.vmsslb",
            "azurerm_public_ip.pip",
            "azurerm_subnet.snet",
            "azurerm_virtual_network.test",
            "data.azurerm_resource_group.assessment"
          ]
        }
      ]
    },
    {
      "mode": "managed",
      "type": "azurerm_lb_probe",
      "name": "lbp",
      "provider": "provider[\"registry.terraform.io/hashicorp/azurerm\"]",
      "instances": [
        {
          "index_key": 0,
          "schema_version": 0,
          "attributes": {
            "id": "/subscriptions/695dbe0c-d23f-444d-8dcc-ebeea8f1aabe/resourceGroups/betrandndah-azr-883b/providers/Microsoft.Network/loadBalancers/lbext-vmss-eastus/probes/lb-probe-port-80-vmss",
            "interval_in_seconds": 15,
            "load_balancer_rules": [
              "/subscriptions/695dbe0c-d23f-444d-8dcc-ebeea8f1aabe/resourceGroups/betrandndah-azr-883b/providers/Microsoft.Network/loadBalancers/lbext-vmss-eastus/loadBalancingRules/vmss-01-rule",
              "/subscriptions/695dbe0c-d23f-444d-8dcc-ebeea8f1aabe/resourceGroups/betrandndah-azr-883b/providers/Microsoft.Network/loadBalancers/lbext-vmss-eastus/loadBalancingRules/vmss-02-rule"
            ],
            "loadbalancer_id": "/subscriptions/695dbe0c-d23f-444d-8dcc-ebeea8f1aabe/resourceGroups/betrandndah-azr-883b/providers/Microsoft.Network/loadBalancers/lbext-vmss-eastus",
            "name": "lb-probe-port-80-vmss",
            "number_of_probes": 2,
            "port": 80,
            "probe_threshold": 1,
            "protocol": "Tcp",
            "request_path": "",
            "timeouts": null
          },
          "sensitive_attributes": [],
          "private": "eyJlMmJmYjczMC1lY2FhLTExZTYtOGY4OC0zNDM2M2JjN2M0YzAiOnsiY3JlYXRlIjoxODAwMDAwMDAwMDAwLCJkZWxldGUiOjE4MDAwMDAwMDAwMDAsInJlYWQiOjMwMDAwMDAwMDAwMCwidXBkYXRlIjoxODAwMDAwMDAwMDAwfX0=",
          "dependencies": [
            "azurerm_lb.vmsslb",
            "azurerm_public_ip.pip",
            "azurerm_subnet.snet",
            "azurerm_virtual_network.test",
            "data.azurerm_resource_group.assessment"
          ]
        }
      ]
    },
    {
      "mode": "managed",
      "type": "azurerm_lb_rule",
      "name": "lbrule",
      "provider": "provider[\"registry.terraform.io/hashicorp/azurerm\"]",
      "instances": [
        {
          "index_key": 0,
          "schema_version": 0,
          "attributes": {
            "backend_address_pool_ids": [
              "/subscriptions/695dbe0c-d23f-444d-8dcc-ebeea8f1aabe/resourceGroups/betrandndah-azr-883b/providers/Microsoft.Network/loadBalancers/lbext-vmss-eastus/backendAddressPools/lbe-backend-pool-vmss"
            ],
            "backend_port": 80,
            "disable_outbound_snat": false,
            "enable_floating_ip": false,
            "enable_tcp_reset": false,
            "frontend_ip_configuration_id": "/subscriptions/695dbe0c-d23f-444d-8dcc-ebeea8f1aabe/resourceGroups/betrandndah-azr-883b/providers/Microsoft.Network/loadBalancers/lbext-vmss-eastus/frontendIPConfigurations/lbext-frontend-vmss",
            "frontend_ip_configuration_name": "lbext-frontend-vmss",
            "frontend_port": 80,
            "id": "/subscriptions/695dbe0c-d23f-444d-8dcc-ebeea8f1aabe/resourceGroups/betrandndah-azr-883b/providers/Microsoft.Network/loadBalancers/lbext-vmss-eastus/loadBalancingRules/vmss-01-rule",
            "idle_timeout_in_minutes": 4,
            "load_distribution": "Default",
            "loadbalancer_id": "/subscriptions/695dbe0c-d23f-444d-8dcc-ebeea8f1aabe/resourceGroups/betrandndah-azr-883b/providers/Microsoft.Network/loadBalancers/lbext-vmss-eastus",
            "name": "vmss-01-rule",
            "probe_id": "/subscriptions/695dbe0c-d23f-444d-8dcc-ebeea8f1aabe/resourceGroups/betrandndah-azr-883b/providers/Microsoft.Network/loadBalancers/lbext-vmss-eastus/probes/lb-probe-port-80-vmss",
            "protocol": "Tcp",
            "timeouts": null
          },
          "sensitive_attributes": [],
          "private": "eyJlMmJmYjczMC1lY2FhLTExZTYtOGY4OC0zNDM2M2JjN2M0YzAiOnsiY3JlYXRlIjoxODAwMDAwMDAwMDAwLCJkZWxldGUiOjE4MDAwMDAwMDAwMDAsInJlYWQiOjMwMDAwMDAwMDAwMCwidXBkYXRlIjoxODAwMDAwMDAwMDAwfX0=",
          "dependencies": [
            "azurerm_lb.vmsslb",
            "azurerm_lb_backend_address_pool.bepool",
            "azurerm_lb_probe.lbp",
            "azurerm_public_ip.pip",
            "azurerm_subnet.snet",
            "azurerm_virtual_network.test",
            "data.azurerm_resource_group.assessment"
          ]
        },
        {
          "index_key": 1,
          "schema_version": 0,
          "attributes": {
            "backend_address_pool_ids": [
              "/subscriptions/695dbe0c-d23f-444d-8dcc-ebeea8f1aabe/resourceGroups/betrandndah-azr-883b/providers/Microsoft.Network/loadBalancers/lbext-vmss-eastus/backendAddressPools/lbe-backend-pool-vmss"
            ],
            "backend_port": 443,
            "disable_outbound_snat": false,
            "enable_floating_ip": false,
            "enable_tcp_reset": false,
            "frontend_ip_configuration_id": "/subscriptions/695dbe0c-d23f-444d-8dcc-ebeea8f1aabe/resourceGroups/betrandndah-azr-883b/providers/Microsoft.Network/loadBalancers/lbext-vmss-eastus/frontendIPConfigurations/lbext-frontend-vmss",
            "frontend_ip_configuration_name": "lbext-frontend-vmss",
            "frontend_port": 443,
            "id": "/subscriptions/695dbe0c-d23f-444d-8dcc-ebeea8f1aabe/resourceGroups/betrandndah-azr-883b/providers/Microsoft.Network/loadBalancers/lbext-vmss-eastus/loadBalancingRules/vmss-02-rule",
            "idle_timeout_in_minutes": 4,
            "load_distribution": "Default",
            "loadbalancer_id": "/subscriptions/695dbe0c-d23f-444d-8dcc-ebeea8f1aabe/resourceGroups/betrandndah-azr-883b/providers/Microsoft.Network/loadBalancers/lbext-vmss-eastus",
            "name": "vmss-02-rule",
            "probe_id": "/subscriptions/695dbe0c-d23f-444d-8dcc-ebeea8f1aabe/resourceGroups/betrandndah-azr-883b/providers/Microsoft.Network/loadBalancers/lbext-vmss-eastus/probes/lb-probe-port-80-vmss",
            "protocol": "Tcp",
            "timeouts": null
          },
          "sensitive_attributes": [],
          "private": "eyJlMmJmYjczMC1lY2FhLTExZTYtOGY4OC0zNDM2M2JjN2M0YzAiOnsiY3JlYXRlIjoxODAwMDAwMDAwMDAwLCJkZWxldGUiOjE4MDAwMDAwMDAwMDAsInJlYWQiOjMwMDAwMDAwMDAwMCwidXBkYXRlIjoxODAwMDAwMDAwMDAwfX0=",
          "dependencies": [
            "azurerm_lb.vmsslb",
            "azurerm_lb_backend_address_pool.bepool",
            "azurerm_lb_probe.lbp",
            "azurerm_public_ip.pip",
            "azurerm_subnet.snet",
            "azurerm_virtual_network.test",
            "data.azurerm_resource_group.assessment"
          ]
        }
      ]
    },
    {
      "mode": "managed",
      "type": "azurerm_public_ip",
      "name": "pip",
      "provider": "provider[\"registry.terraform.io/hashicorp/azurerm\"]",
      "instances": [
        {
          "index_key": 0,
          "schema_version": 0,
          "attributes": {
            "allocation_method": "Static",
            "ddos_protection_mode": "VirtualNetworkInherited",
            "ddos_protection_plan_id": null,
            "domain_name_label": null,
            "edge_zone": "",
            "fqdn": null,
            "id": "/subscriptions/695dbe0c-d23f-444d-8dcc-ebeea8f1aabe/resourceGroups/betrandndah-azr-883b/providers/Microsoft.Network/publicIPAddresses/pip-vm-vmss-eastus-01",
            "idle_timeout_in_minutes": 4,
            "ip_address": "4.246.190.174",
            "ip_tags": {},
            "ip_version": "IPv4",
            "location": "eastus",
            "name": "pip-vm-vmss-eastus-01",
            "public_ip_prefix_id": null,
            "resource_group_name": "betrandndah-azr-883b",
            "reverse_fqdn": null,
            "sku": "Standard",
            "sku_tier": "Regional",
            "tags": {},
            "timeouts": null,
            "zones": []
          },
          "sensitive_attributes": [],
          "private": "eyJlMmJmYjczMC1lY2FhLTExZTYtOGY4OC0zNDM2M2JjN2M0YzAiOnsiY3JlYXRlIjoxODAwMDAwMDAwMDAwLCJkZWxldGUiOjE4MDAwMDAwMDAwMDAsInJlYWQiOjMwMDAwMDAwMDAwMCwidXBkYXRlIjoxODAwMDAwMDAwMDAwfX0=",
          "dependencies": [
            "data.azurerm_resource_group.assessment"
          ]
        }
      ]
    },
    {
      "mode": "managed",
      "type": "azurerm_subnet",
      "name": "snet",
      "provider": "provider[\"registry.terraform.io/hashicorp/azurerm\"]",
      "instances": [
        {
          "schema_version": 0,
          "attributes": {
            "address_prefixes": [
              "10.0.2.0/24"
            ],
            "delegation": [],
            "enforce_private_link_endpoint_network_policies": false,
            "enforce_private_link_service_network_policies": false,
            "id": "/subscriptions/695dbe0c-d23f-444d-8dcc-ebeea8f1aabe/resourceGroups/betrandndah-azr-883b/providers/Microsoft.Network/virtualNetworks/vnet/subnets/default",
            "name": "default",
            "private_endpoint_network_policies_enabled": true,
            "private_link_service_network_policies_enabled": true,
            "resource_group_name": "betrandndah-azr-883b",
            "service_endpoint_policy_ids": [],
            "service_endpoints": [],
            "timeouts": null,
            "virtual_network_name": "vnet"
          },
          "sensitive_attributes": [],
          "private": "eyJlMmJmYjczMC1lY2FhLTExZTYtOGY4OC0zNDM2M2JjN2M0YzAiOnsiY3JlYXRlIjoxODAwMDAwMDAwMDAwLCJkZWxldGUiOjE4MDAwMDAwMDAwMDAsInJlYWQiOjMwMDAwMDAwMDAwMCwidXBkYXRlIjoxODAwMDAwMDAwMDAwfX0=",
          "dependencies": [
            "azurerm_virtual_network.test",
            "data.azurerm_resource_group.assessment"
          ]
        }
      ]
    },
    {
      "mode": "managed",
      "type": "azurerm_virtual_network",
      "name": "test",
      "provider": "provider[\"registry.terraform.io/hashicorp/azurerm\"]",
      "instances": [
        {
          "schema_version": 0,
          "attributes": {
            "address_space": [
              "10.0.0.0/16"
            ],
            "bgp_community": "",
            "ddos_protection_plan": [],
            "dns_servers": [],
            "edge_zone": "",
            "flow_timeout_in_minutes": 0,
            "guid": "a511670f-6481-4288-8d07-c363eae259d6",
            "id": "/subscriptions/695dbe0c-d23f-444d-8dcc-ebeea8f1aabe/resourceGroups/betrandndah-azr-883b/providers/Microsoft.Network/virtualNetworks/vnet",
            "location": "eastus",
            "name": "vnet",
            "resource_group_name": "betrandndah-azr-883b",
            "subnet": [
              {
                "address_prefix": "10.0.2.0/24",
                "id": "/subscriptions/695dbe0c-d23f-444d-8dcc-ebeea8f1aabe/resourceGroups/betrandndah-azr-883b/providers/Microsoft.Network/virtualNetworks/vnet/subnets/default",
                "name": "default",
                "security_group": ""
              }
            ],
            "tags": {},
            "timeouts": null
          },
          "sensitive_attributes": [],
          "private": "eyJlMmJmYjczMC1lY2FhLTExZTYtOGY4OC0zNDM2M2JjN2M0YzAiOnsiY3JlYXRlIjoxODAwMDAwMDAwMDAwLCJkZWxldGUiOjE4MDAwMDAwMDAwMDAsInJlYWQiOjMwMDAwMDAwMDAwMCwidXBkYXRlIjoxODAwMDAwMDAwMDAwfX0=",
          "dependencies": [
            "data.azurerm_resource_group.assessment"
          ]
        }
      ]
    }
  ],
  "check_results": null
}
